{
  "name": "@hsky/vuepress-plugin-aplayer",
  "version": "1.0.1",
  "lockfileVersion": 1,
  "requires": true,
  "dependencies": {
    "vue-aplayer": {
      "version": "1.6.1",
      "resolved": "http://open-npm.qpaas.com/vue-aplayer/-/vue-aplayer-1.6.1.tgz",
      "integrity": "sha1-F/1BmwkeCUJbxzf6noT1VWUWDfY="
    }
  }
}
